
Microsoft Visual Studio Solution File, Format Version 12.00
# Visual Studio Version 17
VisualStudioVersion = 17.10.35013.160
MinimumVisualStudioVersion = 10.0.40219.1
Project("{FAE04EC0-301F-11D3-BF4B-00C04F79EFBC}") = "Day5_CSharpProblems", "Day5_CSharpProblems\Day5_CSharpProblems.csproj", "{BF1DA7DE-BD3F-48B2-A57E-E5296DB85133}"
EndProject
Global
	GlobalSection(SolutionConfigurationPlatforms) = preSolution
		Debug|Any CPU = Debug|Any CPU
		Release|Any CPU = Release|Any CPU
	EndGlobalSection
	GlobalSection(ProjectConfigurationPlatforms) = postSolution
		{BF1DA7DE-BD3F-48B2-A57E-E5296DB85133}.Debug|Any CPU.ActiveCfg = Debug|Any CPU
		{BF1DA7DE-BD3F-48B2-A57E-E5296DB85133}.Debug|Any CPU.Build.0 = Debug|Any CPU
		{BF1DA7DE-BD3F-48B2-A57E-E5296DB85133}.Release|Any CPU.ActiveCfg = Release|Any CPU
		{BF1DA7DE-BD3F-48B2-A57E-E5296DB85133}.Release|Any CPU.Build.0 = Release|Any CPU
	EndGlobalSection
	GlobalSection(SolutionProperties) = preSolution
		HideSolutionNode = FALSE
	EndGlobalSection
	GlobalSection(ExtensibilityGlobals) = postSolution
		SolutionGuid = {12B33246-F5DC-46B9-8D14-ECBD4F8D8CBE}
	EndGlobalSection
EndGlobal
